<?xml version="1.0" encoding="utf-8"?>
<Project ToolsVersion="4.0" xmlns="http://schemas.microsoft.com/developer/msbuild/2003">
  <ItemGroup>
    <Filter Include="Sources">
      <UniqueIdentifier>{4FC737F1-C7A5-4376-A066-2A32D752A2FF}</UniqueIdentifier>
      <Extensions>cpp;c;cc;cxx;c++;cppm;ixx;def;odl;idl;hpj;bat;asm;asmx</Extensions>
    </Filter>
    <Filter Include="Headers">
      <UniqueIdentifier>{d3e34424-33fe-4fa5-82c6-44fa7b062f23}</UniqueIdentifier>
    </Filter>
  </ItemGroup>
  <ItemGroup>
    <ClCompile Include="GameMain.cpp">
      <Filter>Sources</Filter>
    </ClCompile>
    <ClCompile Include="Application.cpp">
      <Filter>Sources</Filter>
    </ClCompile>
    <ClCompile Include="Game.cpp">
      <Filter>Sources</Filter>
    </ClCompile>
    <ClCompile Include="GameStatePlaying.cpp">
      <Filter>Sources</Filter>
    </ClCompile>
    <ClCompile Include="MenuItem.cpp">
      <Filter>Sources</Filter>
    </ClCompile>
    <ClCompile Include="Shell.cpp">
      <Filter>Sources</Filter>
    </ClCompile>
    <ClCompile Include="Platform.cpp">
      <Filter>Sources</Filter>
    </ClCompile>
    <ClCompile Include="Math.cpp">
      <Filter>Sources</Filter>
    </ClCompile>
    <ClCompile Include="GameState.cpp">
      <Filter>Sources</Filter>
    </ClCompile>
    <ClCompile Include="GameSettings.cpp">
      <Filter>Sources</Filter>
    </ClCompile>
    <ClCompile Include="GameObject.cpp">
      <Filter>Sources</Filter>
    </ClCompile>
    <ClCompile Include="Util.cpp">
      <Filter>Sources</Filter>
    </ClCompile>
    <ClCompile Include="GameStateMainMenu.cpp">
      <Filter>Sources</Filter>
    </ClCompile>
    <ClCompile Include="GameStatePause.cpp">
      <Filter>Sources</Filter>
    </ClCompile>
    <ClCompile Include="Brick.cpp">
      <Filter>Sources</Filter>
    </ClCompile>
    <ClCompile Include="GameStateLeaderboard.cpp">
      <Filter>Sources</Filter>
    </ClCompile>
    <ClCompile Include="GameStateOptions.cpp">
      <Filter>Sources</Filter>
    </ClCompile>
    <ClCompile Include="GameStateGameOver.cpp">
      <Filter>Sources</Filter>
    </ClCompile>
    <ClCompile Include="GameStateVictory.cpp">
      <Filter>Sources</Filter>
    </ClCompile>
    <ClCompile Include="AudioManager.cpp">
      <Filter>Sources</Filter>
    </ClCompile>
    <ClCompile Include="LevelManager.cpp">
      <Filter>Sources</Filter>
    </ClCompile>
    <ClCompile Include="BrickFactory.cpp">
      <Filter>Sources</Filter>
    </ClCompile>
    <ClCompile Include="Effect.cpp">
      <Filter>Sources</Filter>
    </ClCompile>
  </ItemGroup>
  <ItemGroup>
    <ClInclude Include="Application.h">
      <Filter>Headers</Filter>
    </ClInclude>
    <ClInclude Include="Game.h">
      <Filter>Headers</Filter>
    </ClInclude>
    <ClInclude Include="GameStatePlaying.h">
      <Filter>Headers</Filter>
    </ClInclude>
    <ClInclude Include="GameSettings.h">
      <Filter>Headers</Filter>
    </ClInclude>
    <ClInclude Include="MenuItem.h">
      <Filter>Headers</Filter>
    </ClInclude>
    <ClInclude Include="Shell.h">
      <Filter>Headers</Filter>
    </ClInclude>
    <ClInclude Include="Platform.h">
      <Filter>Headers</Filter>
    </ClInclude>
    <ClInclude Include="Vector2D.h">
      <Filter>Headers</Filter>
    </ClInclude>
    <ClInclude Include="Math.h">
      <Filter>Headers</Filter>
    </ClInclude>
    <ClInclude Include="GameState.h">
      <Filter>Headers</Filter>
    </ClInclude>
    <ClInclude Include="GameStateData.h">
      <Filter>Headers</Filter>
    </ClInclude>
    <ClInclude Include="GameObject.h">
      <Filter>Headers</Filter>
    </ClInclude>
    <ClInclude Include="Util.h">
      <Filter>Headers</Filter>
    </ClInclude>
    <ClInclude Include="GameStateMainMenu.h">
      <Filter>Headers</Filter>
    </ClInclude>
    <ClInclude Include="GameStatePause.h">
      <Filter>Headers</Filter>
    </ClInclude>
    <ClInclude Include="Brick.h">
      <Filter>Headers</Filter>
    </ClInclude>
    <ClInclude Include="Collidable.h">
      <Filter>Headers</Filter>
    </ClInclude>
    <ClInclude Include="GameStateLeaderboard.h">
      <Filter>Headers</Filter>
    </ClInclude>
    <ClInclude Include="Record.h">
      <Filter>Headers</Filter>
    </ClInclude>
    <ClInclude Include="GameStateOptions.h">
      <Filter>Headers</Filter>
    </ClInclude>
    <ClInclude Include="GameStateGameOver.h">
      <Filter>Headers</Filter>
    </ClInclude>
    <ClInclude Include="GameStateVictory.h">
      <Filter>Headers</Filter>
    </ClInclude>
    <ClInclude Include="AudioManager.h">
      <Filter>Headers</Filter>
    </ClInclude>
    <ClInclude Include="LevelManager.h">
      <Filter>Headers</Filter>
    </ClInclude>
    <ClInclude Include="IObservable.h">
      <Filter>Headers</Filter>
    </ClInclude>
    <ClInclude Include="Effect.h">
      <Filter>Headers</Filter>
    </ClInclude>
    <ClInclude Include="BrickFactory.h">
      <Filter>Headers</Filter>
    </ClInclude>
  </ItemGroup>
</Project>