<?xml version="1.0" encoding="utf-8"?>
<Project ToolsVersion="4.0" xmlns="http://schemas.microsoft.com/developer/msbuild/2003">
  <ItemGroup>
    <ClCompile Include="GameMain.cpp">
      <Filter>Source</Filter>
    </ClCompile>
    <ClCompile Include="Player.cpp">
      <Filter>Source</Filter>
    </ClCompile>
    <ClCompile Include="DeveloperLevel.cpp">
      <Filter>Source</Filter>
    </ClCompile>
  </ItemGroup>
  <ItemGroup>
    <ClInclude Include="Player.h">
      <Filter>Headers</Filter>
    </ClInclude>
    <ClInclude Include="DeveloperLevel.h">
      <Filter>Headers</Filter>
    </ClInclude>
  </ItemGroup>
  <ItemGroup>
    <Filter Include="Source">
      <UniqueIdentifier>{aab47bf2-7fb8-4ec2-82c1-4df9e5ba12c1}</UniqueIdentifier>
    </Filter>
    <Filter Include="Headers">
      <UniqueIdentifier>{23a093d7-1ef9-4323-a5d9-f0c464856c3d}</UniqueIdentifier>
    </Filter>
  </ItemGroup>
</Project>