<?xml version="1.0" encoding="utf-8"?>
<Project ToolsVersion="4.0" xmlns="http://schemas.microsoft.com/developer/msbuild/2003">
  <ItemGroup>
    <ClCompile Include="Application.cpp">
      <Filter>Source</Filter>
    </ClCompile>
    <ClCompile Include="AudioManager.cpp">
      <Filter>Source</Filter>
    </ClCompile>
    <ClCompile Include="Brick.cpp">
      <Filter>Source</Filter>
    </ClCompile>
    <ClCompile Include="BrickFactory.cpp">
      <Filter>Source</Filter>
    </ClCompile>
    <ClCompile Include="Effect.cpp">
      <Filter>Source</Filter>
    </ClCompile>
    <ClCompile Include="Game.cpp">
      <Filter>Source</Filter>
    </ClCompile>
    <ClCompile Include="GameMain.cpp">
      <Filter>Source</Filter>
    </ClCompile>
    <ClCompile Include="GameObject.cpp">
      <Filter>Source</Filter>
    </ClCompile>
    <ClCompile Include="GameSettings.cpp">
      <Filter>Source</Filter>
    </ClCompile>
    <ClCompile Include="GameState.cpp">
      <Filter>Source</Filter>
    </ClCompile>
    <ClCompile Include="GameStateGameOver.cpp">
      <Filter>Source</Filter>
    </ClCompile>
    <ClCompile Include="GameStateLeaderboard.cpp">
      <Filter>Source</Filter>
    </ClCompile>
    <ClCompile Include="GameStateMainMenu.cpp">
      <Filter>Source</Filter>
    </ClCompile>
    <ClCompile Include="GameStateOptions.cpp">
      <Filter>Source</Filter>
    </ClCompile>
    <ClCompile Include="GameStatePause.cpp">
      <Filter>Source</Filter>
    </ClCompile>
    <ClCompile Include="GameStatePlaying.cpp">
      <Filter>Source</Filter>
    </ClCompile>
    <ClCompile Include="GameStateVictory.cpp">
      <Filter>Source</Filter>
    </ClCompile>
    <ClCompile Include="LevelManager.cpp">
      <Filter>Source</Filter>
    </ClCompile>
    <ClCompile Include="Math.cpp">
      <Filter>Source</Filter>
    </ClCompile>
    <ClCompile Include="MenuItem.cpp">
      <Filter>Source</Filter>
    </ClCompile>
    <ClCompile Include="Platform.cpp">
      <Filter>Source</Filter>
    </ClCompile>
    <ClCompile Include="Shell.cpp">
      <Filter>Source</Filter>
    </ClCompile>
    <ClCompile Include="Util.cpp">
      <Filter>Source</Filter>
    </ClCompile>
  </ItemGroup>
  <ItemGroup>
    <ClInclude Include="Application.h">
      <Filter>Headers</Filter>
    </ClInclude>
    <ClInclude Include="AudioManager.h">
      <Filter>Headers</Filter>
    </ClInclude>
    <ClInclude Include="BrickFactory.h">
      <Filter>Headers</Filter>
    </ClInclude>
    <ClInclude Include="Collidable.h">
      <Filter>Headers</Filter>
    </ClInclude>
    <ClInclude Include="Effect.h">
      <Filter>Headers</Filter>
    </ClInclude>
    <ClInclude Include="Game.h">
      <Filter>Headers</Filter>
    </ClInclude>
    <ClInclude Include="GameObject.h">
      <Filter>Headers</Filter>
    </ClInclude>
    <ClInclude Include="GameSettings.h">
      <Filter>Headers</Filter>
    </ClInclude>
    <ClInclude Include="GameState.h">
      <Filter>Headers</Filter>
    </ClInclude>
    <ClInclude Include="GameStateData.h">
      <Filter>Headers</Filter>
    </ClInclude>
    <ClInclude Include="GameStateGameOver.h">
      <Filter>Headers</Filter>
    </ClInclude>
    <ClInclude Include="GameStateLeaderboard.h">
      <Filter>Headers</Filter>
    </ClInclude>
    <ClInclude Include="GameStateMainMenu.h">
      <Filter>Headers</Filter>
    </ClInclude>
    <ClInclude Include="GameStateOptions.h">
      <Filter>Headers</Filter>
    </ClInclude>
    <ClInclude Include="GameStatePause.h">
      <Filter>Headers</Filter>
    </ClInclude>
    <ClInclude Include="GameStatePlaying.h">
      <Filter>Headers</Filter>
    </ClInclude>
    <ClInclude Include="GameStateVictory.h">
      <Filter>Headers</Filter>
    </ClInclude>
    <ClInclude Include="IObservable.h">
      <Filter>Headers</Filter>
    </ClInclude>
    <ClInclude Include="LevelManager.h">
      <Filter>Headers</Filter>
    </ClInclude>
    <ClInclude Include="Math.h">
      <Filter>Headers</Filter>
    </ClInclude>
    <ClInclude Include="MenuItem.h">
      <Filter>Headers</Filter>
    </ClInclude>
    <ClInclude Include="Platform.h">
      <Filter>Headers</Filter>
    </ClInclude>
    <ClInclude Include="Record.h">
      <Filter>Headers</Filter>
    </ClInclude>
    <ClInclude Include="Shell.h">
      <Filter>Headers</Filter>
    </ClInclude>
    <ClInclude Include="Util.h">
      <Filter>Headers</Filter>
    </ClInclude>
    <ClInclude Include="Vector2D.h">
      <Filter>Headers</Filter>
    </ClInclude>
    <ClInclude Include="Brick.h">
      <Filter>Headers</Filter>
    </ClInclude>
  </ItemGroup>
  <ItemGroup>
    <Filter Include="Source">
      <UniqueIdentifier>{aab47bf2-7fb8-4ec2-82c1-4df9e5ba12c1}</UniqueIdentifier>
    </Filter>
    <Filter Include="Headers">
      <UniqueIdentifier>{23a093d7-1ef9-4323-a5d9-f0c464856c3d}</UniqueIdentifier>
    </Filter>
  </ItemGroup>
</Project>